// !$*UTF8*$!
{
	archiveVersion = 1;
	classes = {
	};
	objectVersion = 39;
	objects = {
		C40BA91F08007AD500E2E5B4 = {
			buildActionMask = 2147483647;
			files = (
				C40BA93708007B9400E2E5B4,
				C40BA95C08007CD500E2E5B4,
			);
			isa = PBXResourcesBuildPhase;
			runOnlyForDeploymentPostprocessing = 0;
		};
		C40BA92008007AD500E2E5B4 = {
			buildActionMask = 2147483647;
			files = (
				C40BA93808007B9400E2E5B4,
			);
			isa = PBXSourcesBuildPhase;
			runOnlyForDeploymentPostprocessing = 0;
		};
		C40BA92108007AD500E2E5B4 = {
			buildActionMask = 2147483647;
			files = (
				C40BA93A08007BCB00E2E5B4,
			);
			isa = PBXFrameworksBuildPhase;
			runOnlyForDeploymentPostprocessing = 0;
		};
		C40BA92208007AD500E2E5B4 = {
			buildPhases = (
				C40BA91F08007AD500E2E5B4,
				C40BA92008007AD500E2E5B4,
				C40BA92108007AD500E2E5B4,
			);
			buildRules = (
			);
			buildSettings = {
				GCC_PRECOMPILE_PREFIX_HEADER = YES;
				GCC_PREFIX_HEADER = "$(SYSTEM_LIBRARY_DIR)/Frameworks/AppKit.framework/Headers/AppKit.h";
				INFOPLIST_FILE = "«PROJECTNAMEASIDENTIFIER»PlugIn-Info.plist";
				INSTALL_PATH = "$(USER_LIBRARY_DIR)/Bundles";
				OTHER_CFLAGS = "";
				OTHER_LDFLAGS = "-framework Foundation -framework AppKit";
				OTHER_REZFLAGS = "";
				PRODUCT_NAME = «PROJECTNAMEASIDENTIFIER»PlugIn;
				SECTORDER_FLAGS = "";
				WARNING_CFLAGS = "-Wmost -Wno-four-char-constants -Wno-unknown-pragmas";
			};
			dependencies = (
			);
			isa = PBXNativeTarget;
			name = «PROJECTNAMEASIDENTIFIER»PlugIn;
			productName = «PROJECTNAMEASIDENTIFIER»PlugIn;
			productReference = C40BA92308007AD500E2E5B4;
			productSettingsXML = "<?xml version=\"1.0\" encoding=\"UTF-8\"?>
<!DOCTYPE plist PUBLIC \"-//Apple Computer//DTD PLIST 1.0//EN\" \"http://www.apple.com/DTDs/PropertyList-1.0.dtd\">
<plist version=\"1.0\">
<dict>
	<key>CFBundleDevelopmentRegion</key>
	<string>English</string>
	<key>CFBundleExecutable</key>
	<string>«PROJECTNAMEASIDENTIFIER»PlugIn</string>
	<key>CFBundleIdentifier</key>
	<string>com.yourcompany.«PROJECTNAMEASIDENTIFIER»PlugIn</string>
	<key>CFBundleInfoDictionaryVersion</key>
	<string>6.0</string>
	<key>CFBundlePackageType</key>
	<string>APPL</string>
	<key>CFBundleSignature</key>
	<string>????</string>
	<key>CFBundleVersion</key>
	<string>1.0</string>
</dict>
</plist>
";
			productType = "com.apple.product-type.bundle";
		};
		C40BA92308007AD500E2E5B4 = {
			explicitFileType = wrapper.cfbundle;
			includeInIndex = 0;
			isa = PBXFileReference;
			path = «PROJECTNAMEASIDENTIFIER»PlugIn.bundle;
			refType = 3;
			sourceTree = BUILT_PRODUCTS_DIR;
		};
		C40BA92408007AD500E2E5B4 = {
			explicitFileType = text.plist;
			fileEncoding = 4;
			isa = PBXFileReference;
			path = "«PROJECTNAMEASIDENTIFIER»PlugIn-Info.plist";
			refType = 4;
			sourceTree = "<group>";
		};
		C40BA92C08007B3000E2E5B4 = {
			children = (
				C40BA95908007C4500E2E5B4,
				C40BA94A08007C3D00E2E5B4,
				C40BA95A08007C5900E2E5B4,
			);
			isa = PBXGroup;
			name = PlugIn;
			refType = 4;
			sourceTree = "<group>";
		};
		C40BA92D08007B4500E2E5B4 = {
			containerPortal = C4D29FE407FF53B000EDA198;
			isa = PBXContainerItemProxy;
			proxyType = 1;
			remoteGlobalIDString = C40BA92208007AD500E2E5B4;
			remoteInfo = «PROJECTNAMEASIDENTIFIER»PlugIn;
		};
		C40BA92E08007B4500E2E5B4 = {
			isa = PBXTargetDependency;
			target = C40BA92208007AD500E2E5B4;
			targetProxy = C40BA92D08007B4500E2E5B4;
		};
		C40BA92F08007B4F00E2E5B4 = {
			containerPortal = C4D29FE407FF53B000EDA198;
			isa = PBXContainerItemProxy;
			proxyType = 1;
			remoteGlobalIDString = C40BA92208007AD500E2E5B4;
			remoteInfo = «PROJECTNAMEASIDENTIFIER»PlugIn;
		};
		C40BA93008007B4F00E2E5B4 = {
			isa = PBXTargetDependency;
			target = C40BA92208007AD500E2E5B4;
			targetProxy = C40BA92F08007B4F00E2E5B4;
		};
		C40BA93508007B9400E2E5B4 = {
			fileEncoding = 4;
			isa = PBXFileReference;
			lastKnownFileType = sourcecode.c.h;
			path = «PROJECTNAMEASIDENTIFIER»PlugIn.h;
			refType = 4;
			sourceTree = "<group>";
		};
		C40BA93608007B9400E2E5B4 = {
			fileEncoding = 4;
			isa = PBXFileReference;
			lastKnownFileType = sourcecode.c.objc;
			path = «PROJECTNAMEASIDENTIFIER»PlugIn.m;
			refType = 4;
			sourceTree = "<group>";
		};
		C40BA93708007B9400E2E5B4 = {
			fileRef = C40BA93508007B9400E2E5B4;
			isa = PBXBuildFile;
			settings = {
			};
		};
		C40BA93808007B9400E2E5B4 = {
			fileRef = C40BA93608007B9400E2E5B4;
			isa = PBXBuildFile;
			settings = {
			};
		};
		C40BA93908007BCB00E2E5B4 = {
			isa = PBXFileReference;
			lastKnownFileType = wrapper.framework;
			name = Cocoa.framework;
			path = /System/Library/Frameworks/Cocoa.framework;
			refType = 0;
			sourceTree = "<absolute>";
		};
		C40BA93A08007BCB00E2E5B4 = {
			fileRef = C40BA93908007BCB00E2E5B4;
			isa = PBXBuildFile;
			settings = {
			};
		};
		C40BA94A08007C3D00E2E5B4 = {
			children = (
				C40BA93908007BCB00E2E5B4,
			);
			isa = PBXGroup;
			name = Frameworks;
			refType = 4;
			sourceTree = "<group>";
		};
		C40BA95908007C4500E2E5B4 = {
			children = (
				C40BA93508007B9400E2E5B4,
				C40BA93608007B9400E2E5B4,
			);
			isa = PBXGroup;
			name = Classes;
			refType = 4;
			sourceTree = "<group>";
		};
		C40BA95A08007C5900E2E5B4 = {
			children = (
				C40BA92408007AD500E2E5B4,
			);
			isa = PBXGroup;
			name = Other;
			refType = 4;
			sourceTree = "<group>";
		};
		C40BA95B08007CD500E2E5B4 = {
			fileEncoding = 4;
			isa = PBXFileReference;
			lastKnownFileType = text.script.python;
			path = «PROJECTNAMEASIDENTIFIER»PlugIn.py;
			refType = 4;
			sourceTree = "<group>";
		};
		C40BA95C08007CD500E2E5B4 = {
			fileRef = C40BA95B08007CD500E2E5B4;
			isa = PBXBuildFile;
			settings = {
			};
		};
		C430F00A07FFB82B00A1CD60 = {
			buildArgumentsString = "\"$(SOURCE_ROOT)/setup.py\" py2app";
			buildPhases = (
			);
			buildSettings = {
				PRODUCT_NAME = Deployment;
			};
			buildToolPath = /usr/bin/env;
			buildWorkingDirectory = "$(SOURCE_ROOT)";
			dependencies = (
				C40BA93008007B4F00E2E5B4,
			);
			isa = PBXLegacyTarget;
			name = Deployment;
			passBuildSettingsInEnvironment = 1;
			productName = Deployment;
		};
		C49FE1AD07FFBCAA005B49ED = {
			buildArgumentsString = "\"$(SOURCE_ROOT)/setup.py\" py2app --alias";
			buildPhases = (
			);
			buildSettings = {
				PRODUCT_NAME = Development;
			};
			buildToolPath = /usr/bin/env;
			buildWorkingDirectory = /;
			dependencies = (
				C40BA92E08007B4500E2E5B4,
			);
			isa = PBXLegacyTarget;
			name = Development;
			passBuildSettingsInEnvironment = 1;
			productName = Development;
		};
		C4D29FE007FF53B000EDA198 = {
			children = (
				C4D2A00607FF55F400EDA198,
				C4D2A00407FF55C400EDA198,
				C40BA92C08007B3000E2E5B4,
				C4D2A00507FF55D000EDA198,
				C4D2A01507FF5B3B00EDA198,
			);
			isa = PBXGroup;
			refType = 4;
			sourceTree = "<group>";
		};
		C4D29FE207FF53B000EDA198 = {
			buildSettings = {
				COPY_PHASE_STRIP = NO;
			};
			isa = PBXBuildStyle;
			name = Development;
		};
		C4D29FE307FF53B000EDA198 = {
			buildSettings = {
				COPY_PHASE_STRIP = YES;
			};
			isa = PBXBuildStyle;
			name = Deployment;
		};
		C4D29FE407FF53B000EDA198 = {
			buildSettings = {
			};
			buildStyles = (
				C4D29FE207FF53B000EDA198,
				C4D29FE307FF53B000EDA198,
			);
			hasScannedForEncodings = 0;
			isa = PBXProject;
			mainGroup = C4D29FE007FF53B000EDA198;
			productRefGroup = C4D29FE007FF53B000EDA198;
			projectDirPath = "";
			targets = (
				C49FE1AD07FFBCAA005B49ED,
				C430F00A07FFB82B00A1CD60,
				C40BA92208007AD500E2E5B4,
			);
		};
		C4D2A00407FF55C400EDA198 = {
			children = (
				C4D2A01407FF5B1C00EDA198,
				C40BA92308007AD500E2E5B4,
			);
			isa = PBXGroup;
			name = Resources;
			refType = 4;
			sourceTree = "<group>";
		};
		C4D2A00507FF55D000EDA198 = {
			children = (
				C4D2A00E07FF576900EDA198,
			);
			isa = PBXGroup;
			name = "Main Script";
			refType = 4;
			sourceTree = "<group>";
		};
		C4D2A00607FF55F400EDA198 = {
			children = (
				C40BA95B08007CD500E2E5B4,
				C4D2A03507FF5BF800EDA198,
			);
			isa = PBXGroup;
			name = Classes;
			refType = 4;
			sourceTree = "<group>";
		};
		C4D2A00A07FF563C00EDA198 = {
			fileEncoding = 4;
			isa = PBXFileReference;
			lastKnownFileType = text.script.python;
			path = setup.py;
			refType = 4;
			sourceTree = "<group>";
		};
		C4D2A00E07FF576900EDA198 = {
			fileEncoding = 4;
			isa = PBXFileReference;
			lastKnownFileType = text.script.python;
			path = «PROJECTNAMEASIDENTIFIER».py;
			refType = 4;
			sourceTree = "<group>";
		};
		C4D2A01307FF5B0900EDA198 = {
			isa = PBXFileReference;
			lastKnownFileType = wrapper.nib;
			name = English;
			path = English.lproj/MainMenu.nib;
			refType = 4;
			sourceTree = "<group>";
		};
		C4D2A01407FF5B1C00EDA198 = {
			children = (
				C4D2A01307FF5B0900EDA198,
			);
			isa = PBXVariantGroup;
			name = MainMenu.nib;
			path = "";
			refType = 4;
			sourceTree = "<group>";
		};
		C4D2A01507FF5B3B00EDA198 = {
			children = (
				C4D2A00A07FF563C00EDA198,
				C4E30E3107FFA7A90043E6B0,
			);
			isa = PBXGroup;
			name = "Other Source";
			refType = 4;
			sourceTree = "<group>";
		};
		C4D2A03507FF5BF800EDA198 = {
			fileEncoding = 4;
			isa = PBXFileReference;
			lastKnownFileType = text.script.python;
			path = «PROJECTNAMEASIDENTIFIER»AppDelegate.py;
			refType = 4;
			sourceTree = "<group>";
		};
		C4E30E3107FFA7A90043E6B0 = {
			explicitFileType = text.plist;
			fileEncoding = 4;
			isa = PBXFileReference;
			path = Info.plist;
			refType = 4;
			sourceTree = "<group>";
		};
	};
	rootObject = C4D29FE407FF53B000EDA198;
}
