// !$*UTF8*$!
{
	archiveVersion = 1;
	classes = {
	};
	objectVersion = 39;
	objects = {
		014CEA420018CDE011CA2923 = {
			buildSettings = {
				COPY_PHASE_STRIP = NO;
				DEBUGGING_SYMBOLS = YES;
				GCC_DYNAMIC_NO_PIC = NO;
				GCC_ENABLE_FIX_AND_CONTINUE = YES;
				GCC_GENERATE_DEBUGGING_SYMBOLS = YES;
				GCC_OPTIMIZATION_LEVEL = 0;
				OPTIMIZATION_CFLAGS = "-O0";
				ZERO_LINK = YES;
			};
			isa = PBXBuildStyle;
			name = Development;
		};
		014CEA430018CDE011CA2923 = {
			buildSettings = {
				COPY_PHASE_STRIP = YES;
				GCC_ENABLE_FIX_AND_CONTINUE = NO;
				ZERO_LINK = NO;
			};
			isa = PBXBuildStyle;
			name = Deployment;
		};
//010
//011
//012
//013
//014
//080
//081
//082
//083
//084
		089C1669FE841209C02AAC07 = {
			buildSettings = {
			};
			buildStyles = (
				014CEA420018CDE011CA2923,
				014CEA430018CDE011CA2923,
			);
			hasScannedForEncodings = 1;
			isa = PBXProject;
			mainGroup = 089C166AFE841209C02AAC07;
			projectDirPath = "";
			targets = (
				8D5B49AC048680CD000E48DA,
			);
		};
		089C166AFE841209C02AAC07 = {
			children = (
				08FB77AFFE84173DC02AAC07,
				1CD0B3CB05B1CC2A009E9F0F,
				089C167CFE841241C02AAC07,
				089C1671FE841209C02AAC07,
				19C28FB8FE9D52D311CA2CBB,
			);
			isa = PBXGroup;
			name = "Auto Emotion Display";
			refType = 4;
			sourceTree = "<group>";
		};
		089C1671FE841209C02AAC07 = {
			children = (
				1058C7ACFEA557BF11CA2CBB,
				1058C7AEFEA557BF11CA2CBB,
			);
			isa = PBXGroup;
			name = "Frameworks and Libraries";
			refType = 4;
			sourceTree = "<group>";
		};
		089C1672FE841209C02AAC07 = {
			isa = PBXFileReference;
			lastKnownFileType = wrapper.framework;
			name = Foundation.framework;
			path = /System/Library/Frameworks/Foundation.framework;
			refType = 0;
			sourceTree = "<absolute>";
		};
		089C167CFE841241C02AAC07 = {
			children = (
				8D5B49B7048680CD000E48DA,
				089C167DFE841241C02AAC07,
			);
			isa = PBXGroup;
			name = Resources;
			refType = 4;
			sourceTree = "<group>";
		};
		089C167DFE841241C02AAC07 = {
			children = (
				089C167EFE841241C02AAC07,
			);
			isa = PBXVariantGroup;
			name = InfoPlist.strings;
			path = "";
			refType = 2;
			sourceTree = SOURCE_ROOT;
		};
		089C167EFE841241C02AAC07 = {
			fileEncoding = 4;
			isa = PBXFileReference;
			lastKnownFileType = text.plist.strings;
			name = English;
			path = English.lproj/InfoPlist.strings;
			refType = 4;
			sourceTree = "<group>";
		};
		089C167FFE841241C02AAC07 = {
			isa = PBXFileReference;
			lastKnownFileType = wrapper.framework;
			name = AppKit.framework;
			path = /System/Library/Frameworks/AppKit.framework;
			refType = 0;
			sourceTree = "<absolute>";
		};
		08FB77AFFE84173DC02AAC07 = {
			children = (
				1CD0B18805B1CA07009E9F0F,
				1CD0B18705B1CA07009E9F0F,
			);
			isa = PBXGroup;
			name = Classes;
			refType = 4;
			sourceTree = "<group>";
		};
//080
//081
//082
//083
//084
//100
//101
//102
//103
//104
		1058C7ACFEA557BF11CA2CBB = {
			children = (
				1058C7ADFEA557BF11CA2CBB,
			);
			isa = PBXGroup;
			name = "Linked Frameworks";
			refType = 4;
			sourceTree = "<group>";
		};
		1058C7ADFEA557BF11CA2CBB = {
			isa = PBXFileReference;
			lastKnownFileType = wrapper.framework;
			name = Cocoa.framework;
			path = /System/Library/Frameworks/Cocoa.framework;
			refType = 0;
			sourceTree = "<absolute>";
		};
		1058C7AEFEA557BF11CA2CBB = {
			children = (
				089C1672FE841209C02AAC07,
				089C167FFE841241C02AAC07,
			);
			isa = PBXGroup;
			name = "Other Frameworks";
			refType = 4;
			sourceTree = "<group>";
		};
//100
//101
//102
//103
//104
//190
//191
//192
//193
//194
		19C28FB8FE9D52D311CA2CBB = {
			children = (
				8D5B49B6048680CD000E48DA,
			);
			isa = PBXGroup;
			name = Products;
			refType = 4;
			sourceTree = "<group>";
		};
//190
//191
//192
//193
//194
//1C0
//1C1
//1C2
//1C3
//1C4
		1CD0B18705B1CA07009E9F0F = {
			isa = PBXFileReference;
			lastKnownFileType = sourcecode.c.h;
			path = JVAutoEmotionDisplay.h;
			refType = 2;
			sourceTree = SOURCE_ROOT;
		};
		1CD0B18805B1CA07009E9F0F = {
			isa = PBXFileReference;
			lastKnownFileType = sourcecode.c.objc;
			path = JVAutoEmotionDisplay.m;
			refType = 2;
			sourceTree = SOURCE_ROOT;
		};
		1CD0B18905B1CA07009E9F0F = {
			fileRef = 1CD0B18705B1CA07009E9F0F;
			isa = PBXBuildFile;
			settings = {
			};
		};
		1CD0B18A05B1CA07009E9F0F = {
			fileRef = 1CD0B18805B1CA07009E9F0F;
			isa = PBXBuildFile;
			settings = {
			};
		};
		1CD0B3CB05B1CC2A009E9F0F = {
			children = (
				1CD0B3CC05B1CC2A009E9F0F,
				1CD0B3CD05B1CC2A009E9F0F,
				1CD0B3CE05B1CC2A009E9F0F,
				1CD0B3CF05B1CC2A009E9F0F,
				1CD0B3D005B1CC2A009E9F0F,
				1CD0B3D105B1CC2A009E9F0F,
				1CD0B3D205B1CC2A009E9F0F,
				1CD0B3D305B1CC2A009E9F0F,
				1CD0B3D405B1CC2A009E9F0F,
				1CD0B3D505B1CC2A009E9F0F,
				1CD0B3D605B1CC2A009E9F0F,
				1CD0B3D705B1CC2A009E9F0F,
				1CD0B3D805B1CC2A009E9F0F,
				1CD0B3D905B1CC2A009E9F0F,
				1CD0B3DA05B1CC2A009E9F0F,
				1CD0B3DB05B1CC2A009E9F0F,
				1CD0B3DC05B1CC2A009E9F0F,
				1CD0B3DD05B1CC2A009E9F0F,
				1CD0B3DE05B1CC2A009E9F0F,
				1CD0B3DF05B1CC2A009E9F0F,
				1CD0B3E005B1CC2A009E9F0F,
				1CD0B3E105B1CC2A009E9F0F,
				1CD0B3E205B1CC2A009E9F0F,
			);
			isa = PBXGroup;
			name = Headers;
			path = ../../Headers;
			refType = 2;
			sourceTree = SOURCE_ROOT;
		};
		1CD0B3CC05B1CC2A009E9F0F = {
			fileEncoding = 4;
			isa = PBXFileReference;
			lastKnownFileType = sourcecode.c.h;
			name = JVBuddy.h;
			path = ../../Headers/JVBuddy.h;
			refType = 2;
			sourceTree = SOURCE_ROOT;
		};
		1CD0B3CD05B1CC2A009E9F0F = {
			fileEncoding = 4;
			isa = PBXFileReference;
			lastKnownFileType = sourcecode.c.h;
			name = JVChatConsole.h;
			path = ../../Headers/JVChatConsole.h;
			refType = 2;
			sourceTree = SOURCE_ROOT;
		};
		1CD0B3CE05B1CC2A009E9F0F = {
			fileEncoding = 4;
			isa = PBXFileReference;
			lastKnownFileType = sourcecode.c.h;
			name = JVChatController.h;
			path = ../../Headers/JVChatController.h;
			refType = 2;
			sourceTree = SOURCE_ROOT;
		};
		1CD0B3CF05B1CC2A009E9F0F = {
			fileEncoding = 4;
			isa = PBXFileReference;
			lastKnownFileType = sourcecode.c.h;
			name = JVChatRoom.h;
			path = ../../Headers/JVChatRoom.h;
			refType = 2;
			sourceTree = SOURCE_ROOT;
		};
		1CD0B3D005B1CC2A009E9F0F = {
			fileEncoding = 4;
			isa = PBXFileReference;
			lastKnownFileType = sourcecode.c.h;
			name = JVChatRoomMember.h;
			path = ../../Headers/JVChatRoomMember.h;
			refType = 2;
			sourceTree = SOURCE_ROOT;
		};
		1CD0B3D105B1CC2A009E9F0F = {
			fileEncoding = 4;
			isa = PBXFileReference;
			lastKnownFileType = sourcecode.c.h;
			name = JVChatTranscript.h;
			path = ../../Headers/JVChatTranscript.h;
			refType = 2;
			sourceTree = SOURCE_ROOT;
		};
		1CD0B3D205B1CC2A009E9F0F = {
			fileEncoding = 4;
			isa = PBXFileReference;
			lastKnownFileType = sourcecode.c.h;
			name = JVChatWindowController.h;
			path = ../../Headers/JVChatWindowController.h;
			refType = 2;
			sourceTree = SOURCE_ROOT;
		};
		1CD0B3D305B1CC2A009E9F0F = {
			fileEncoding = 4;
			isa = PBXFileReference;
			lastKnownFileType = file;
			name = JVDirectChat.h;
			path = ../../Headers/JVDirectChat.h;
			refType = 2;
			sourceTree = SOURCE_ROOT;
		};
		1CD0B3D405B1CC2A009E9F0F = {
			fileEncoding = 4;
			isa = PBXFileReference;
			lastKnownFileType = sourcecode.c.h;
			name = JVInspectorController.h;
			path = ../../Headers/JVInspectorController.h;
			refType = 2;
			sourceTree = SOURCE_ROOT;
		};
		1CD0B3D505B1CC2A009E9F0F = {
			fileEncoding = 4;
			isa = PBXFileReference;
			lastKnownFileType = sourcecode.c.h;
			name = JVPreferencesController.h;
			path = ../../Headers/JVPreferencesController.h;
			refType = 2;
			sourceTree = SOURCE_ROOT;
		};
		1CD0B3D605B1CC2A009E9F0F = {
			fileEncoding = 4;
			isa = PBXFileReference;
			lastKnownFileType = sourcecode.c.h;
			name = MVBuddyListController.h;
			path = ../../Headers/MVBuddyListController.h;
			refType = 2;
			sourceTree = SOURCE_ROOT;
		};
		1CD0B3D705B1CC2A009E9F0F = {
			fileEncoding = 4;
			isa = PBXFileReference;
			lastKnownFileType = sourcecode.c.h;
			name = MVChatConnection.h;
			path = ../../Headers/MVChatConnection.h;
			refType = 2;
			sourceTree = SOURCE_ROOT;
		};
		1CD0B3D805B1CC2A009E9F0F = {
			fileEncoding = 4;
			isa = PBXFileReference;
			lastKnownFileType = sourcecode.c.h;
			name = MVChatPluginManager.h;
			path = ../../Headers/MVChatPluginManager.h;
			refType = 2;
			sourceTree = SOURCE_ROOT;
		};
		1CD0B3D905B1CC2A009E9F0F = {
			fileEncoding = 4;
			isa = PBXFileReference;
			lastKnownFileType = sourcecode.c.h;
			name = MVChatPluginManagerAdditions.h;
			path = ../../Headers/MVChatPluginManagerAdditions.h;
			refType = 2;
			sourceTree = SOURCE_ROOT;
		};
		1CD0B3DA05B1CC2A009E9F0F = {
			fileEncoding = 4;
			isa = PBXFileReference;
			lastKnownFileType = sourcecode.c.h;
			name = MVChatScriptPlugin.h;
			path = ../../Headers/MVChatScriptPlugin.h;
			refType = 2;
			sourceTree = SOURCE_ROOT;
		};
		1CD0B3DB05B1CC2A009E9F0F = {
			fileEncoding = 4;
			isa = PBXFileReference;
			lastKnownFileType = sourcecode.c.h;
			name = MVConnectionsController.h;
			path = ../../Headers/MVConnectionsController.h;
			refType = 2;
			sourceTree = SOURCE_ROOT;
		};
		1CD0B3DC05B1CC2A009E9F0F = {
			fileEncoding = 4;
			isa = PBXFileReference;
			lastKnownFileType = sourcecode.c.h;
			name = MVFileTransferController.h;
			path = ../../Headers/MVFileTransferController.h;
			refType = 2;
			sourceTree = SOURCE_ROOT;
		};
		1CD0B3DD05B1CC2A009E9F0F = {
			fileEncoding = 4;
			isa = PBXFileReference;
			lastKnownFileType = sourcecode.c.h;
			name = NSAttributedStringAdditions.h;
			path = ../../Headers/NSAttributedStringAdditions.h;
			refType = 2;
			sourceTree = SOURCE_ROOT;
		};
		1CD0B3DE05B1CC2A009E9F0F = {
			fileEncoding = 4;
			isa = PBXFileReference;
			lastKnownFileType = sourcecode.c.h;
			name = NSColorAdditions.h;
			path = ../../Headers/NSColorAdditions.h;
			refType = 2;
			sourceTree = SOURCE_ROOT;
		};
		1CD0B3DF05B1CC2A009E9F0F = {
			fileEncoding = 4;
			isa = PBXFileReference;
			lastKnownFileType = sourcecode.c.h;
			name = NSMethodSignatureAdditions.h;
			path = ../../Headers/NSMethodSignatureAdditions.h;
			refType = 2;
			sourceTree = SOURCE_ROOT;
		};
		1CD0B3E005B1CC2A009E9F0F = {
			fileEncoding = 4;
			isa = PBXFileReference;
			lastKnownFileType = sourcecode.c.h;
			name = NSNumberAdditions.h;
			path = ../../Headers/NSNumberAdditions.h;
			refType = 2;
			sourceTree = SOURCE_ROOT;
		};
		1CD0B3E105B1CC2A009E9F0F = {
			fileEncoding = 4;
			isa = PBXFileReference;
			lastKnownFileType = sourcecode.c.h;
			name = NSPreferences.h;
			path = ../../Headers/NSPreferences.h;
			refType = 2;
			sourceTree = SOURCE_ROOT;
		};
		1CD0B3E205B1CC2A009E9F0F = {
			fileEncoding = 4;
			isa = PBXFileReference;
			lastKnownFileType = sourcecode.c.h;
			name = NSStringAdditions.h;
			path = ../../Headers/NSStringAdditions.h;
			refType = 2;
			sourceTree = SOURCE_ROOT;
		};
		1CD0B3E305B1CC2A009E9F0F = {
			fileRef = 1CD0B3CC05B1CC2A009E9F0F;
			isa = PBXBuildFile;
			settings = {
			};
		};
		1CD0B3E405B1CC2A009E9F0F = {
			fileRef = 1CD0B3CD05B1CC2A009E9F0F;
			isa = PBXBuildFile;
			settings = {
			};
		};
		1CD0B3E505B1CC2A009E9F0F = {
			fileRef = 1CD0B3CE05B1CC2A009E9F0F;
			isa = PBXBuildFile;
			settings = {
			};
		};
		1CD0B3E605B1CC2B009E9F0F = {
			fileRef = 1CD0B3CF05B1CC2A009E9F0F;
			isa = PBXBuildFile;
			settings = {
			};
		};
		1CD0B3E705B1CC2B009E9F0F = {
			fileRef = 1CD0B3D005B1CC2A009E9F0F;
			isa = PBXBuildFile;
			settings = {
			};
		};
		1CD0B3E805B1CC2B009E9F0F = {
			fileRef = 1CD0B3D105B1CC2A009E9F0F;
			isa = PBXBuildFile;
			settings = {
			};
		};
		1CD0B3E905B1CC2B009E9F0F = {
			fileRef = 1CD0B3D205B1CC2A009E9F0F;
			isa = PBXBuildFile;
			settings = {
			};
		};
		1CD0B3EA05B1CC2B009E9F0F = {
			fileRef = 1CD0B3D305B1CC2A009E9F0F;
			isa = PBXBuildFile;
			settings = {
			};
		};
		1CD0B3EB05B1CC2B009E9F0F = {
			fileRef = 1CD0B3D405B1CC2A009E9F0F;
			isa = PBXBuildFile;
			settings = {
			};
		};
		1CD0B3EC05B1CC2B009E9F0F = {
			fileRef = 1CD0B3D505B1CC2A009E9F0F;
			isa = PBXBuildFile;
			settings = {
			};
		};
		1CD0B3ED05B1CC2B009E9F0F = {
			fileRef = 1CD0B3D605B1CC2A009E9F0F;
			isa = PBXBuildFile;
			settings = {
			};
		};
		1CD0B3EE05B1CC2B009E9F0F = {
			fileRef = 1CD0B3D705B1CC2A009E9F0F;
			isa = PBXBuildFile;
			settings = {
			};
		};
		1CD0B3EF05B1CC2B009E9F0F = {
			fileRef = 1CD0B3D805B1CC2A009E9F0F;
			isa = PBXBuildFile;
			settings = {
			};
		};
		1CD0B3F005B1CC2B009E9F0F = {
			fileRef = 1CD0B3D905B1CC2A009E9F0F;
			isa = PBXBuildFile;
			settings = {
			};
		};
		1CD0B3F105B1CC2B009E9F0F = {
			fileRef = 1CD0B3DA05B1CC2A009E9F0F;
			isa = PBXBuildFile;
			settings = {
			};
		};
		1CD0B3F205B1CC2B009E9F0F = {
			fileRef = 1CD0B3DB05B1CC2A009E9F0F;
			isa = PBXBuildFile;
			settings = {
			};
		};
		1CD0B3F305B1CC2B009E9F0F = {
			fileRef = 1CD0B3DC05B1CC2A009E9F0F;
			isa = PBXBuildFile;
			settings = {
			};
		};
		1CD0B3F405B1CC2B009E9F0F = {
			fileRef = 1CD0B3DD05B1CC2A009E9F0F;
			isa = PBXBuildFile;
			settings = {
			};
		};
		1CD0B3F505B1CC2B009E9F0F = {
			fileRef = 1CD0B3DE05B1CC2A009E9F0F;
			isa = PBXBuildFile;
			settings = {
			};
		};
		1CD0B3F605B1CC2B009E9F0F = {
			fileRef = 1CD0B3DF05B1CC2A009E9F0F;
			isa = PBXBuildFile;
			settings = {
			};
		};
		1CD0B3F705B1CC2B009E9F0F = {
			fileRef = 1CD0B3E005B1CC2A009E9F0F;
			isa = PBXBuildFile;
			settings = {
			};
		};
		1CD0B3F805B1CC2B009E9F0F = {
			fileRef = 1CD0B3E105B1CC2A009E9F0F;
			isa = PBXBuildFile;
			settings = {
			};
		};
		1CD0B3F905B1CC2B009E9F0F = {
			fileRef = 1CD0B3E205B1CC2A009E9F0F;
			isa = PBXBuildFile;
			settings = {
			};
		};
//1C0
//1C1
//1C2
//1C3
//1C4
//8D0
//8D1
//8D2
//8D3
//8D4
		8D5B49AC048680CD000E48DA = {
			buildPhases = (
				8D5B49AD048680CD000E48DA,
				8D5B49AF048680CD000E48DA,
				8D5B49B1048680CD000E48DA,
				8D5B49B3048680CD000E48DA,
				8D5B49B5048680CD000E48DA,
			);
			buildRules = (
			);
			buildSettings = {
				FRAMEWORK_SEARCH_PATHS = "";
				GCC_ENABLE_TRIGRAPHS = NO;
				GCC_GENERATE_DEBUGGING_SYMBOLS = NO;
				GCC_PRECOMPILE_PREFIX_HEADER = YES;
				GCC_PREFIX_HEADER = "";
				GCC_WARN_FOUR_CHARACTER_CONSTANTS = NO;
				GCC_WARN_UNKNOWN_PRAGMAS = NO;
				HEADER_SEARCH_PATHS = "";
				INFOPLIST_FILE = Info.plist;
				INSTALL_PATH = "$(HOME)/Library/Application Support/Colloquy/PlugIns";
				LIBRARY_SEARCH_PATHS = "";
				LIBRARY_STYLE = Bundle;
				OTHER_CFLAGS = "";
				OTHER_LDFLAGS = "";
				OTHER_REZFLAGS = "";
				PRODUCT_NAME = "Auto Emotion Display";
				SECTORDER_FLAGS = "";
				WARNING_CFLAGS = "-Wmost -Wno-four-char-constants -Wno-unknown-pragmas";
				WRAPPER_EXTENSION = plugin;
			};
			dependencies = (
			);
			isa = PBXNativeTarget;
			name = "Auto Emotion Display";
			productInstallPath = "$(HOME)/Library/Bundles";
			productName = "Auto Emotion Display";
			productReference = 8D5B49B6048680CD000E48DA;
			productType = "com.apple.product-type.bundle";
		};
		8D5B49AD048680CD000E48DA = {
			buildActionMask = 2147483647;
			files = (
				1CD0B18905B1CA07009E9F0F,
				1CD0B3E305B1CC2A009E9F0F,
				1CD0B3E405B1CC2A009E9F0F,
				1CD0B3E505B1CC2A009E9F0F,
				1CD0B3E605B1CC2B009E9F0F,
				1CD0B3E705B1CC2B009E9F0F,
				1CD0B3E805B1CC2B009E9F0F,
				1CD0B3E905B1CC2B009E9F0F,
				1CD0B3EA05B1CC2B009E9F0F,
				1CD0B3EB05B1CC2B009E9F0F,
				1CD0B3EC05B1CC2B009E9F0F,
				1CD0B3ED05B1CC2B009E9F0F,
				1CD0B3EE05B1CC2B009E9F0F,
				1CD0B3EF05B1CC2B009E9F0F,
				1CD0B3F005B1CC2B009E9F0F,
				1CD0B3F105B1CC2B009E9F0F,
				1CD0B3F205B1CC2B009E9F0F,
				1CD0B3F305B1CC2B009E9F0F,
				1CD0B3F405B1CC2B009E9F0F,
				1CD0B3F505B1CC2B009E9F0F,
				1CD0B3F605B1CC2B009E9F0F,
				1CD0B3F705B1CC2B009E9F0F,
				1CD0B3F805B1CC2B009E9F0F,
				1CD0B3F905B1CC2B009E9F0F,
			);
			isa = PBXHeadersBuildPhase;
			runOnlyForDeploymentPostprocessing = 0;
		};
		8D5B49AF048680CD000E48DA = {
			buildActionMask = 2147483647;
			files = (
				8D5B49B0048680CD000E48DA,
			);
			isa = PBXResourcesBuildPhase;
			runOnlyForDeploymentPostprocessing = 0;
		};
		8D5B49B0048680CD000E48DA = {
			fileRef = 089C167DFE841241C02AAC07;
			isa = PBXBuildFile;
			settings = {
			};
		};
		8D5B49B1048680CD000E48DA = {
			buildActionMask = 2147483647;
			files = (
				1CD0B18A05B1CA07009E9F0F,
			);
			isa = PBXSourcesBuildPhase;
			runOnlyForDeploymentPostprocessing = 0;
		};
		8D5B49B3048680CD000E48DA = {
			buildActionMask = 2147483647;
			files = (
				8D5B49B4048680CD000E48DA,
			);
			isa = PBXFrameworksBuildPhase;
			runOnlyForDeploymentPostprocessing = 0;
		};
		8D5B49B4048680CD000E48DA = {
			fileRef = 1058C7ADFEA557BF11CA2CBB;
			isa = PBXBuildFile;
			settings = {
			};
		};
		8D5B49B5048680CD000E48DA = {
			buildActionMask = 2147483647;
			files = (
			);
			isa = PBXRezBuildPhase;
			runOnlyForDeploymentPostprocessing = 0;
		};
		8D5B49B6048680CD000E48DA = {
			explicitFileType = wrapper.cfbundle;
			includeInIndex = 0;
			isa = PBXFileReference;
			path = "Auto Emotion Display.plugin";
			refType = 3;
			sourceTree = BUILT_PRODUCTS_DIR;
		};
		8D5B49B7048680CD000E48DA = {
			fileEncoding = 4;
			isa = PBXFileReference;
			lastKnownFileType = text.xml;
			path = Info.plist;
			refType = 2;
			sourceTree = SOURCE_ROOT;
		};
	};
	rootObject = 089C1669FE841209C02AAC07;
}
