// !$*UTF8*$!
{
	archiveVersion = 1;
	classes = {
	};
	objectVersion = 38;
	objects = {
		080E96DDFE201D6D7F000001 = {
			children = (
				F67591E9034123C701336B42,
				F57653070371679F01A801DC,
			);
			isa = PBXGroup;
			name = Classes;
			refType = 4;
		};
		089C165CFE840E0CC02AAC07 = {
			children = (
				089C165DFE840E0CC02AAC07,
			);
			isa = PBXVariantGroup;
			name = InfoPlist.strings;
			refType = 4;
		};
		089C165DFE840E0CC02AAC07 = {
			fileEncoding = 10;
			isa = PBXFileReference;
			name = English;
			path = English.lproj/InfoPlist.strings;
			refType = 4;
		};
		089C165EFE840E0CC02AAC07 = {
			fileRef = 089C165CFE840E0CC02AAC07;
			isa = PBXBuildFile;
			settings = {
			};
		};
//080
//081
//082
//083
//084
//100
//101
//102
//103
//104
		1058C7A1FEA54F0111CA2CBB = {
			isa = PBXFrameworkReference;
			name = Cocoa.framework;
			path = /System/Library/Frameworks/Cocoa.framework;
			refType = 0;
		};
//100
//101
//102
//103
//104
//170
//171
//172
//173
//174
		17587328FF379C6511CA2CBB = {
			isa = PBXApplicationReference;
			path = TableModel2.app;
			refType = 3;
		};
//170
//171
//172
//173
//174
//190
//191
//192
//193
//194
		19C28FACFE9D520D11CA2CBB = {
			children = (
				17587328FF379C6511CA2CBB,
			);
			isa = PBXGroup;
			name = Products;
			refType = 4;
		};
//190
//191
//192
//193
//194
//290
//291
//292
//293
//294
		29B97313FDCFA39411CA2CEA = {
			buildStyles = (
				4A9504CCFFE6A4B311CA0CBA,
				4A9504CDFFE6A4B311CA0CBA,
			);
			isa = PBXProject;
			mainGroup = 29B97314FDCFA39411CA2CEA;
			projectDirPath = "";
			targets = (
				29B97326FDCFA39411CA2CEA,
			);
		};
		29B97314FDCFA39411CA2CEA = {
			children = (
				080E96DDFE201D6D7F000001,
				29B97315FDCFA39411CA2CEA,
				29B97317FDCFA39411CA2CEA,
				29B97323FDCFA39411CA2CEA,
				19C28FACFE9D520D11CA2CBB,
				F67591ED0341252E01336B42,
			);
			isa = PBXGroup;
			name = TableModel2;
			path = "";
			refType = 4;
		};
		29B97315FDCFA39411CA2CEA = {
			children = (
				29B97316FDCFA39411CA2CEA,
			);
			isa = PBXGroup;
			name = "Other Sources";
			path = "";
			refType = 4;
		};
		29B97316FDCFA39411CA2CEA = {
			fileEncoding = 30;
			isa = PBXFileReference;
			path = main.m;
			refType = 4;
		};
		29B97317FDCFA39411CA2CEA = {
			children = (
				F61BA2AC0357996801C36587,
				089C165CFE840E0CC02AAC07,
				F67591E6034123A101336B42,
			);
			isa = PBXGroup;
			name = Resources;
			path = "";
			refType = 4;
		};
		29B97323FDCFA39411CA2CEA = {
			children = (
				29B97325FDCFA39411CA2CEA,
				1058C7A1FEA54F0111CA2CBB,
				29B97324FDCFA39411CA2CEA,
			);
			isa = PBXGroup;
			name = Frameworks;
			path = "";
			refType = 4;
		};
		29B97324FDCFA39411CA2CEA = {
			isa = PBXFrameworkReference;
			name = AppKit.framework;
			path = /System/Library/Frameworks/AppKit.framework;
			refType = 0;
		};
		29B97325FDCFA39411CA2CEA = {
			isa = PBXFrameworkReference;
			name = Foundation.framework;
			path = /System/Library/Frameworks/Foundation.framework;
			refType = 0;
		};
		29B97326FDCFA39411CA2CEA = {
			buildPhases = (
				F61BA2B4035799BC01C36587,
				29B97327FDCFA39411CA2CEA,
				29B97328FDCFA39411CA2CEA,
				29B9732BFDCFA39411CA2CEA,
				29B9732DFDCFA39411CA2CEA,
			);
			buildSettings = {
				FRAMEWORK_SEARCH_PATHS = "";
				HEADER_SEARCH_PATHS = /sw/include/python2.2;
				INSTALL_PATH = "$(HOME)/Applications";
				LIBRARY_SEARCH_PATHS = "/sw/lib/python2.2/config/ /sw/lib/python2.2/config";
				OTHER_CFLAGS = "";
				OTHER_LDFLAGS = "-force_flat_namespace -undefined suppress";
				PREBINDING = NO;
				PRODUCT_NAME = TableModel2;
				SECTORDER_FLAGS = "";
				WARNING_CFLAGS = "-Wmost -Wno-four-char-constants -Wno-unknown-pragmas";
				WRAPPER_EXTENSION = app;
			};
			dependencies = (
			);
			isa = PBXApplicationTarget;
			name = TableModel2;
			productInstallPath = "$(HOME)/Applications";
			productName = TableModel2;
			productReference = 17587328FF379C6511CA2CBB;
			productSettingsXML = "<?xml version=\"1.0\" encoding=\"UTF-8\"?>
<!DOCTYPE plist PUBLIC \"-//Apple Computer//DTD PLIST 1.0//EN\" \"http://www.apple.com/DTDs/PropertyList-1.0.dtd\">
<plist version=\"1.0\">
<dict>
	<key>CFBundleDevelopmentRegion</key>
	<string>English</string>
	<key>CFBundleExecutable</key>
	<string>TableModel2</string>
	<key>CFBundleIconFile</key>
	<string></string>
	<key>CFBundleInfoDictionaryVersion</key>
	<string>6.0</string>
	<key>CFBundlePackageType</key>
	<string>APPL</string>
	<key>CFBundleSignature</key>
	<string>????</string>
	<key>CFBundleVersion</key>
	<string>0.1</string>
	<key>NSMainNibFile</key>
	<string>MainMenu</string>
	<key>NSPrincipalClass</key>
	<string>NSApplication</string>
	<key>PrincipalPythonFile</key>
	<string>TableModel.py</string>
</dict>
</plist>
";
			shouldUseHeadermap = 1;
		};
		29B97327FDCFA39411CA2CEA = {
			buildActionMask = 2147483647;
			files = (
			);
			isa = PBXHeadersBuildPhase;
			runOnlyForDeploymentPostprocessing = 0;
		};
		29B97328FDCFA39411CA2CEA = {
			buildActionMask = 2147483647;
			files = (
				089C165EFE840E0CC02AAC07,
				F67591E8034123A101336B42,
				F67591EA034123C701336B42,
				F67591EE0341252E01336B42,
			);
			isa = PBXResourcesBuildPhase;
			runOnlyForDeploymentPostprocessing = 0;
		};
		29B9732BFDCFA39411CA2CEA = {
			buildActionMask = 2147483647;
			files = (
				29B9732CFDCFA39411CA2CEA,
			);
			isa = PBXSourcesBuildPhase;
			runOnlyForDeploymentPostprocessing = 0;
		};
		29B9732CFDCFA39411CA2CEA = {
			fileRef = 29B97316FDCFA39411CA2CEA;
			isa = PBXBuildFile;
			settings = {
				ATTRIBUTES = (
				);
			};
		};
		29B9732DFDCFA39411CA2CEA = {
			buildActionMask = 2147483647;
			files = (
				F67591FA0341FC6601336B42,
			);
			isa = PBXFrameworksBuildPhase;
			runOnlyForDeploymentPostprocessing = 0;
		};
//290
//291
//292
//293
//294
//4A0
//4A1
//4A2
//4A3
//4A4
		4A9504CCFFE6A4B311CA0CBA = {
			buildRules = (
			);
			buildSettings = {
				COPY_PHASE_STRIP = NO;
				OPTIMIZATION_CFLAGS = "-O0";
			};
			isa = PBXBuildStyle;
			name = Development;
		};
		4A9504CDFFE6A4B311CA0CBA = {
			buildRules = (
			);
			buildSettings = {
				COPY_PHASE_STRIP = YES;
			};
			isa = PBXBuildStyle;
			name = Deployment;
		};
//4A0
//4A1
//4A2
//4A3
//4A4
//F50
//F51
//F52
//F53
//F54
		F57653070371679F01A801DC = {
			isa = PBXFileReference;
			path = nibwrapper.py;
			refType = 4;
		};
//F50
//F51
//F52
//F53
//F54
//F60
//F61
//F62
//F63
//F64
		F61BA2AC0357996801C36587 = {
			children = (
				F61BA2AD035799A001C36587,
				F61BA2AE035799A001C36587,
				F61BA2AF035799A001C36587,
			);
			isa = PBXGroup;
			name = pyobjc;
			path = "";
			refType = 4;
		};
		F61BA2AD035799A001C36587 = {
			includeInIndex = 1;
			isa = PBXFolderReference;
			name = AppKit;
			path = "/usr/lib/python2.2/site-packages/AppKit";
			refType = 0;
		};
		F61BA2AE035799A001C36587 = {
			includeInIndex = 1;
			isa = PBXFolderReference;
			name = Foundation;
			path = "/usr/lib/python2.2/site-packages/Foundation";
			refType = 0;
		};
		F61BA2AF035799A001C36587 = {
			includeInIndex = 1;
			isa = PBXFolderReference;
			name = objc;
			path = "/usr/lib/python2.2/site-packages/objc";
			refType = 0;
		};
		F61BA2B4035799BC01C36587 = {
			buildActionMask = 8;
			dstPath = pyobjc;
			dstSubfolderSpec = 7;
			files = (
				F61BA2B7035799D301C36587,
				F61BA2B9035799DD01C36587,
				F61BA2BA035799E001C36587,
			);
			isa = PBXCopyFilesBuildPhase;
			runOnlyForDeploymentPostprocessing = 1;
		};
		F61BA2B7035799D301C36587 = {
			fileRef = F61BA2AF035799A001C36587;
			isa = PBXBuildFile;
			settings = {
			};
		};
		F61BA2B9035799DD01C36587 = {
			fileRef = F61BA2AD035799A001C36587;
			isa = PBXBuildFile;
			settings = {
			};
		};
		F61BA2BA035799E001C36587 = {
			fileRef = F61BA2AE035799A001C36587;
			isa = PBXBuildFile;
			settings = {
			};
		};
		F67591E6034123A101336B42 = {
			children = (
				F67591E7034123A101336B42,
			);
			isa = PBXVariantGroup;
			name = MainMenu.nib;
			path = "";
			refType = 4;
		};
		F67591E7034123A101336B42 = {
			isa = PBXFileReference;
			name = English;
			path = English.lproj/MainMenu.nib;
			refType = 4;
		};
		F67591E8034123A101336B42 = {
			fileRef = F67591E6034123A101336B42;
			isa = PBXBuildFile;
			settings = {
			};
		};
		F67591E9034123C701336B42 = {
			isa = PBXFileReference;
			path = TableModel.py;
			refType = 4;
		};
		F67591EA034123C701336B42 = {
			fileRef = F67591E9034123C701336B42;
			isa = PBXBuildFile;
			settings = {
			};
		};
		F67591ED0341252E01336B42 = {
			isa = PBXFileReference;
			path = README.txt;
			refType = 4;
		};
		F67591EE0341252E01336B42 = {
			fileRef = F67591ED0341252E01336B42;
			isa = PBXBuildFile;
			settings = {
			};
		};
		F67591FA0341FC6601336B42 = {
			fileRef = 29B97325FDCFA39411CA2CEA;
			isa = PBXBuildFile;
			settings = {
			};
		};
	};
	rootObject = 29B97313FDCFA39411CA2CEA;
}
